
Microsoft Visual Studio Solution File, Format Version 12.00
# Visual Studio Version 16
VisualStudioVersion = 16.0.30413.136
MinimumVisualStudioVersion = 10.0.40219.1
Project("{F184B08F-C81C-45F6-A57F-5ABD9991F28F}") = "microbit_chat", "microbit_chat\microbit_chat.vbproj", "{07EA75A7-EBE2-4EE6-A2F8-FED2EEA469EC}"
EndProject
Global
	GlobalSection(SolutionConfigurationPlatforms) = preSolution
		Debug|Any CPU = Debug|Any CPU
		Release|Any CPU = Release|Any CPU
	EndGlobalSection
	GlobalSection(ProjectConfigurationPlatforms) = postSolution
		{07EA75A7-EBE2-4EE6-A2F8-FED2EEA469EC}.Debug|Any CPU.ActiveCfg = Debug|Any CPU
		{07EA75A7-EBE2-4EE6-A2F8-FED2EEA469EC}.Debug|Any CPU.Build.0 = Debug|Any CPU
		{07EA75A7-EBE2-4EE6-A2F8-FED2EEA469EC}.Release|Any CPU.ActiveCfg = Release|Any CPU
		{07EA75A7-EBE2-4EE6-A2F8-FED2EEA469EC}.Release|Any CPU.Build.0 = Release|Any CPU
	EndGlobalSection
	GlobalSection(SolutionProperties) = preSolution
		HideSolutionNode = FALSE
	EndGlobalSection
	GlobalSection(ExtensibilityGlobals) = postSolution
		SolutionGuid = {594C6B04-9DCF-43D4-B465-ED66B1F97016}
	EndGlobalSection
EndGlobal
